
Microsoft Visual Studio Solution File, Format Version 11.00
# Visual Studio 2010
Project("{FAE04EC0-301F-11D3-BF4B-00C04F79EFBC}") = "Assembly-CSharp", "Assembly-CSharp.csproj", "{A7BF43CB-2F1D-EDD3-ADC4-C20A306FA761}"
EndProject
Project("{FAE04EC0-301F-11D3-BF4B-00C04F79EFBC}") = "Assembly-CSharp-Editor", "Assembly-CSharp-Editor.csproj", "{4CEEFD33-6692-14D2-79A9-9D76E18CA505}"
EndProject
Global
	GlobalSection(SolutionConfigurationPlatforms) = preSolution
		Debug|Any CPU = Debug|Any CPU
		Release|Any CPU = Release|Any CPU
	EndGlobalSection
	GlobalSection(ProjectConfigurationPlatforms) = postSolution
		{A7BF43CB-2F1D-EDD3-ADC4-C20A306FA761}.Debug|Any CPU.ActiveCfg = Debug|Any CPU
		{A7BF43CB-2F1D-EDD3-ADC4-C20A306FA761}.Debug|Any CPU.Build.0 = Debug|Any CPU
		{A7BF43CB-2F1D-EDD3-ADC4-C20A306FA761}.Release|Any CPU.ActiveCfg = Release|Any CPU
		{A7BF43CB-2F1D-EDD3-ADC4-C20A306FA761}.Release|Any CPU.Build.0 = Release|Any CPU
		{4CEEFD33-6692-14D2-79A9-9D76E18CA505}.Debug|Any CPU.ActiveCfg = Debug|Any CPU
		{4CEEFD33-6692-14D2-79A9-9D76E18CA505}.Debug|Any CPU.Build.0 = Debug|Any CPU
		{4CEEFD33-6692-14D2-79A9-9D76E18CA505}.Release|Any CPU.ActiveCfg = Release|Any CPU
		{4CEEFD33-6692-14D2-79A9-9D76E18CA505}.Release|Any CPU.Build.0 = Release|Any CPU
	EndGlobalSection
	GlobalSection(SolutionProperties) = preSolution
		HideSolutionNode = FALSE
	EndGlobalSection
	GlobalSection(MonoDevelopProperties) = preSolution
		StartupItem = Assembly-CSharp.csproj
	EndGlobalSection
EndGlobal
